// !$*UTF8*$!
{
	archiveVersion = 1;
	classes = {
	};
	objectVersion = 46;
	objects = {

/* Begin PBXBuildFile section */
		2169811A3CCD3E4A89C40A11 /* Pods_BetTogether.framework in Frameworks */ = {isa = PBXBuildFile; fileRef = F6F3D8B20639274873105115 /* Pods_BetTogether.framework */; };
		93153C7E1CCD817E00A1527F /* CustomCell.swift in Sources */ = {isa = PBXBuildFile; fileRef = 93153C7D1CCD817E00A1527F /* CustomCell.swift */; };
		93153C841CD21EBA00A1527F /* SportCell.swift in Sources */ = {isa = PBXBuildFile; fileRef = 93153C831CD21EBA00A1527F /* SportCell.swift */; };
		9340830F1CC8C28100A37401 /* CreateGroup.swift in Sources */ = {isa = PBXBuildFile; fileRef = 9340830E1CC8C28100A37401 /* CreateGroup.swift */; };
		934083111CC8C92800A37401 /* CreateGroupViewController.swift in Sources */ = {isa = PBXBuildFile; fileRef = 934083101CC8C92800A37401 /* CreateGroupViewController.swift */; };
		93585CAC1C86CD2B00106E13 /* AppDelegate.swift in Sources */ = {isa = PBXBuildFile; fileRef = 93585CAB1C86CD2B00106E13 /* AppDelegate.swift */; };
		93585CAE1C86CD2B00106E13 /* ViewController.swift in Sources */ = {isa = PBXBuildFile; fileRef = 93585CAD1C86CD2B00106E13 /* ViewController.swift */; };
		93585CB11C86CD2B00106E13 /* Main.storyboard in Resources */ = {isa = PBXBuildFile; fileRef = 93585CAF1C86CD2B00106E13 /* Main.storyboard */; };
		93585CB31C86CD2B00106E13 /* Assets.xcassets in Resources */ = {isa = PBXBuildFile; fileRef = 93585CB21C86CD2B00106E13 /* Assets.xcassets */; };
		93585CB61C86CD2B00106E13 /* LaunchScreen.storyboard in Resources */ = {isa = PBXBuildFile; fileRef = 93585CB41C86CD2B00106E13 /* LaunchScreen.storyboard */; };
		93585CC11C86CD2B00106E13 /* BetTogetherTests.swift in Sources */ = {isa = PBXBuildFile; fileRef = 93585CC01C86CD2B00106E13 /* BetTogetherTests.swift */; };
		93585CCC1C86CD2B00106E13 /* BetTogetherUITests.swift in Sources */ = {isa = PBXBuildFile; fileRef = 93585CCB1C86CD2B00106E13 /* BetTogetherUITests.swift */; };
		93585CDE1C86D38800106E13 /* AddToViewController.swift in Sources */ = {isa = PBXBuildFile; fileRef = 93585CDD1C86D38800106E13 /* AddToViewController.swift */; };
		93946A321CC0E07B005465F0 /* FirebaseService.swift in Sources */ = {isa = PBXBuildFile; fileRef = 93946A311CC0E07B005465F0 /* FirebaseService.swift */; };
		93946A351CC0E35F005465F0 /* LogInViewController.swift in Sources */ = {isa = PBXBuildFile; fileRef = 93946A341CC0E35F005465F0 /* LogInViewController.swift */; };
		93946A371CC0E9BC005465F0 /* LoggedInViewController.swift in Sources */ = {isa = PBXBuildFile; fileRef = 93946A361CC0E9BC005465F0 /* LoggedInViewController.swift */; };
		93946A391CC0EBF1005465F0 /* RegisterViewController.swift in Sources */ = {isa = PBXBuildFile; fileRef = 93946A381CC0EBF1005465F0 /* RegisterViewController.swift */; };
		93C2D43F1C8EFB7F00127615 /* ShowController.swift in Sources */ = {isa = PBXBuildFile; fileRef = 93C2D43E1C8EFB7F00127615 /* ShowController.swift */; };
		93FF486F1CB68B3200CCDA32 /* PlacedBet.swift in Sources */ = {isa = PBXBuildFile; fileRef = 93FF486E1CB68B3200CCDA32 /* PlacedBet.swift */; };
/* End PBXBuildFile section */

/* Begin PBXContainerItemProxy section */
		93585CBD1C86CD2B00106E13 /* PBXContainerItemProxy */ = {
			isa = PBXContainerItemProxy;
			containerPortal = 93585CA01C86CD2B00106E13 /* Project object */;
			proxyType = 1;
			remoteGlobalIDString = 93585CA71C86CD2B00106E13;
			remoteInfo = BetTogether;
		};
		93585CC81C86CD2B00106E13 /* PBXContainerItemProxy */ = {
			isa = PBXContainerItemProxy;
			containerPortal = 93585CA01C86CD2B00106E13 /* Project object */;
			proxyType = 1;
			remoteGlobalIDString = 93585CA71C86CD2B00106E13;
			remoteInfo = BetTogether;
		};
/* End PBXContainerItemProxy section */

/* Begin PBXFileReference section */
		93153C7D1CCD817E00A1527F /* CustomCell.swift */ = {isa = PBXFileReference; fileEncoding = 4; lastKnownFileType = sourcecode.swift; name = CustomCell.swift; path = ../CustomCell.swift; sourceTree = "<group>"; };
		93153C831CD21EBA00A1527F /* SportCell.swift */ = {isa = PBXFileReference; fileEncoding = 4; lastKnownFileType = sourcecode.swift; path = SportCell.swift; sourceTree = "<group>"; };
		9340830E1CC8C28100A37401 /* CreateGroup.swift */ = {isa = PBXFileReference; fileEncoding = 4; lastKnownFileType = sourcecode.swift; name = CreateGroup.swift; path = ../CreateGroup.swift; sourceTree = "<group>"; };
		934083101CC8C92800A37401 /* CreateGroupViewController.swift */ = {isa = PBXFileReference; fileEncoding = 4; lastKnownFileType = sourcecode.swift; path = CreateGroupViewController.swift; sourceTree = "<group>"; };
		93585CA81C86CD2B00106E13 /* BetSquad.app */ = {isa = PBXFileReference; explicitFileType = wrapper.application; includeInIndex = 0; path = BetSquad.app; sourceTree = BUILT_PRODUCTS_DIR; };
		93585CAB1C86CD2B00106E13 /* AppDelegate.swift */ = {isa = PBXFileReference; lastKnownFileType = sourcecode.swift; path = AppDelegate.swift; sourceTree = "<group>"; };
		93585CAD1C86CD2B00106E13 /* ViewController.swift */ = {isa = PBXFileReference; lastKnownFileType = sourcecode.swift; name = ViewController.swift; path = BetTogether/ViewController.swift; sourceTree = "<group>"; };
		93585CB01C86CD2B00106E13 /* Base */ = {isa = PBXFileReference; lastKnownFileType = file.storyboard; name = Base; path = Base.lproj/Main.storyboard; sourceTree = "<group>"; };
		93585CB21C86CD2B00106E13 /* Assets.xcassets */ = {isa = PBXFileReference; lastKnownFileType = folder.assetcatalog; path = Assets.xcassets; sourceTree = "<group>"; };
		93585CB51C86CD2B00106E13 /* Base */ = {isa = PBXFileReference; lastKnownFileType = file.storyboard; name = Base; path = Base.lproj/LaunchScreen.storyboard; sourceTree = "<group>"; };
		93585CB71C86CD2B00106E13 /* Info.plist */ = {isa = PBXFileReference; lastKnownFileType = text.plist.xml; path = Info.plist; sourceTree = "<group>"; };
		93585CBC1C86CD2B00106E13 /* BetSquad.xctest */ = {isa = PBXFileReference; explicitFileType = wrapper.cfbundle; includeInIndex = 0; path = BetSquad.xctest; sourceTree = BUILT_PRODUCTS_DIR; };
		93585CC01C86CD2B00106E13 /* BetTogetherTests.swift */ = {isa = PBXFileReference; lastKnownFileType = sourcecode.swift; path = BetTogetherTests.swift; sourceTree = "<group>"; };
		93585CC21C86CD2B00106E13 /* Info.plist */ = {isa = PBXFileReference; lastKnownFileType = text.plist.xml; path = Info.plist; sourceTree = "<group>"; };
		93585CC71C86CD2B00106E13 /* BetSquad.xctest */ = {isa = PBXFileReference; explicitFileType = wrapper.cfbundle; includeInIndex = 0; path = BetSquad.xctest; sourceTree = BUILT_PRODUCTS_DIR; };
		93585CCB1C86CD2B00106E13 /* BetTogetherUITests.swift */ = {isa = PBXFileReference; lastKnownFileType = sourcecode.swift; path = BetTogetherUITests.swift; sourceTree = "<group>"; };
		93585CCD1C86CD2B00106E13 /* Info.plist */ = {isa = PBXFileReference; lastKnownFileType = text.plist.xml; path = Info.plist; sourceTree = "<group>"; };
		93585CDD1C86D38800106E13 /* AddToViewController.swift */ = {isa = PBXFileReference; fileEncoding = 4; lastKnownFileType = sourcecode.swift; name = AddToViewController.swift; path = BetTogether/AddToViewController.swift; sourceTree = "<group>"; };
		93946A311CC0E07B005465F0 /* FirebaseService.swift */ = {isa = PBXFileReference; fileEncoding = 4; lastKnownFileType = sourcecode.swift; path = FirebaseService.swift; sourceTree = "<group>"; };
		93946A341CC0E35F005465F0 /* LogInViewController.swift */ = {isa = PBXFileReference; fileEncoding = 4; lastKnownFileType = sourcecode.swift; path = LogInViewController.swift; sourceTree = "<group>"; };
		93946A361CC0E9BC005465F0 /* LoggedInViewController.swift */ = {isa = PBXFileReference; fileEncoding = 4; lastKnownFileType = sourcecode.swift; path = LoggedInViewController.swift; sourceTree = "<group>"; };
		93946A381CC0EBF1005465F0 /* RegisterViewController.swift */ = {isa = PBXFileReference; fileEncoding = 4; lastKnownFileType = sourcecode.swift; path = RegisterViewController.swift; sourceTree = "<group>"; };
		93C2D43E1C8EFB7F00127615 /* ShowController.swift */ = {isa = PBXFileReference; fileEncoding = 4; lastKnownFileType = sourcecode.swift; name = ShowController.swift; path = BetTogether/ShowController.swift; sourceTree = "<group>"; };
		93FF486E1CB68B3200CCDA32 /* PlacedBet.swift */ = {isa = PBXFileReference; fileEncoding = 4; lastKnownFileType = sourcecode.swift; path = PlacedBet.swift; sourceTree = "<group>"; };
		BD3552B0D840FC05B15FE654 /* Pods-BetTogether.debug.xcconfig */ = {isa = PBXFileReference; includeInIndex = 1; lastKnownFileType = text.xcconfig; name = "Pods-BetTogether.debug.xcconfig"; path = "Pods/Target Support Files/Pods-BetTogether/Pods-BetTogether.debug.xcconfig"; sourceTree = "<group>"; };
		E6E832AE8FF671C1892BF517 /* Pods-BetTogether.release.xcconfig */ = {isa = PBXFileReference; includeInIndex = 1; lastKnownFileType = text.xcconfig; name = "Pods-BetTogether.release.xcconfig"; path = "Pods/Target Support Files/Pods-BetTogether/Pods-BetTogether.release.xcconfig"; sourceTree = "<group>"; };
		F6F3D8B20639274873105115 /* Pods_BetTogether.framework */ = {isa = PBXFileReference; explicitFileType = wrapper.framework; includeInIndex = 0; path = Pods_BetTogether.framework; sourceTree = BUILT_PRODUCTS_DIR; };
/* End PBXFileReference section */

/* Begin PBXFrameworksBuildPhase section */
		93585CA51C86CD2B00106E13 /* Frameworks */ = {
			isa = PBXFrameworksBuildPhase;
			buildActionMask = 2147483647;
			files = (
				2169811A3CCD3E4A89C40A11 /* Pods_BetTogether.framework in Frameworks */,
			);
			runOnlyForDeploymentPostprocessing = 0;
		};
		93585CB91C86CD2B00106E13 /* Frameworks */ = {
			isa = PBXFrameworksBuildPhase;
			buildActionMask = 2147483647;
			files = (
			);
			runOnlyForDeploymentPostprocessing = 0;
		};
		93585CC41C86CD2B00106E13 /* Frameworks */ = {
			isa = PBXFrameworksBuildPhase;
			buildActionMask = 2147483647;
			files = (
			);
			runOnlyForDeploymentPostprocessing = 0;
		};
/* End PBXFrameworksBuildPhase section */

/* Begin PBXGroup section */
		930477741CB7C72F0040B7EE /* Controller */ = {
			isa = PBXGroup;
			children = (
				934083101CC8C92800A37401 /* CreateGroupViewController.swift */,
				93946A341CC0E35F005465F0 /* LogInViewController.swift */,
				93946A381CC0EBF1005465F0 /* RegisterViewController.swift */,
				93946A361CC0E9BC005465F0 /* LoggedInViewController.swift */,
				93585CAD1C86CD2B00106E13 /* ViewController.swift */,
				93C2D43E1C8EFB7F00127615 /* ShowController.swift */,
				93585CDD1C86D38800106E13 /* AddToViewController.swift */,
			);
			name = Controller;
			sourceTree = "<group>";
		};
		930477751CB7C74B0040B7EE /* Storyboards */ = {
			isa = PBXGroup;
			children = (
				93585CAF1C86CD2B00106E13 /* Main.storyboard */,
				93585CB41C86CD2B00106E13 /* LaunchScreen.storyboard */,
			);
			name = Storyboards;
			sourceTree = "<group>";
		};
		93585C9F1C86CD2B00106E13 = {
			isa = PBXGroup;
			children = (
				93946A331CC0E082005465F0 /* Service */,
				930477751CB7C74B0040B7EE /* Storyboards */,
				930477741CB7C72F0040B7EE /* Controller */,
				93585CAA1C86CD2B00106E13 /* BetTogether */,
				93585CBF1C86CD2B00106E13 /* BetTogetherTests */,
				93585CCA1C86CD2B00106E13 /* BetTogetherUITests */,
				93585CA91C86CD2B00106E13 /* Products */,
				B2E50ED7C3B3E61116A67002 /* Pods */,
				E156722B235C2665BFA449F5 /* Frameworks */,
			);
			sourceTree = "<group>";
		};
		93585CA91C86CD2B00106E13 /* Products */ = {
			isa = PBXGroup;
			children = (
				93585CA81C86CD2B00106E13 /* BetSquad.app */,
				93585CBC1C86CD2B00106E13 /* BetSquad.xctest */,
				93585CC71C86CD2B00106E13 /* BetSquad.xctest */,
			);
			name = Products;
			sourceTree = "<group>";
		};
		93585CAA1C86CD2B00106E13 /* BetTogether */ = {
			isa = PBXGroup;
			children = (
				93585CAB1C86CD2B00106E13 /* AppDelegate.swift */,
				93153C7D1CCD817E00A1527F /* CustomCell.swift */,
				9340830E1CC8C28100A37401 /* CreateGroup.swift */,
				93FF486E1CB68B3200CCDA32 /* PlacedBet.swift */,
				93153C831CD21EBA00A1527F /* SportCell.swift */,
				93585CB21C86CD2B00106E13 /* Assets.xcassets */,
				93585CB71C86CD2B00106E13 /* Info.plist */,
			);
			path = BetTogether;
			sourceTree = "<group>";
		};
		93585CBF1C86CD2B00106E13 /* BetTogetherTests */ = {
			isa = PBXGroup;
			children = (
				93585CC01C86CD2B00106E13 /* BetTogetherTests.swift */,
				93585CC21C86CD2B00106E13 /* Info.plist */,
			);
			path = BetTogetherTests;
			sourceTree = "<group>";
		};
		93585CCA1C86CD2B00106E13 /* BetTogetherUITests */ = {
			isa = PBXGroup;
			children = (
				93585CCB1C86CD2B00106E13 /* BetTogetherUITests.swift */,
				93585CCD1C86CD2B00106E13 /* Info.plist */,
			);
			path = BetTogetherUITests;
			sourceTree = "<group>";
		};
		93946A331CC0E082005465F0 /* Service */ = {
			isa = PBXGroup;
			children = (
				93946A311CC0E07B005465F0 /* FirebaseService.swift */,
			);
			name = Service;
			sourceTree = "<group>";
		};
		B2E50ED7C3B3E61116A67002 /* Pods */ = {
			isa = PBXGroup;
			children = (
				BD3552B0D840FC05B15FE654 /* Pods-BetTogether.debug.xcconfig */,
				E6E832AE8FF671C1892BF517 /* Pods-BetTogether.release.xcconfig */,
			);
			name = Pods;
			sourceTree = "<group>";
		};
		E156722B235C2665BFA449F5 /* Frameworks */ = {
			isa = PBXGroup;
			children = (
				F6F3D8B20639274873105115 /* Pods_BetTogether.framework */,
			);
			name = Frameworks;
			sourceTree = "<group>";
		};
/* End PBXGroup section */

/* Begin PBXNativeTarget section */
		93585CA71C86CD2B00106E13 /* BetSquad */ = {
			isa = PBXNativeTarget;
			buildConfigurationList = 93585CD01C86CD2B00106E13 /* Build configuration list for PBXNativeTarget "BetSquad" */;
			buildPhases = (
				35A55B2B0372B8136A66336A /* Check Pods Manifest.lock */,
				93585CA41C86CD2B00106E13 /* Sources */,
				93585CA51C86CD2B00106E13 /* Frameworks */,
				93585CA61C86CD2B00106E13 /* Resources */,
				7F309D409801F0A3FF82D319 /* Embed Pods Frameworks */,
				5B8675F3D53A24F37DDB5360 /* Copy Pods Resources */,
			);
			buildRules = (
			);
			dependencies = (
			);
			name = BetSquad;
			productName = BetTogether;
			productReference = 93585CA81C86CD2B00106E13 /* BetSquad.app */;
			productType = "com.apple.product-type.application";
		};
		93585CBB1C86CD2B00106E13 /* BetSquadTests */ = {
			isa = PBXNativeTarget;
			buildConfigurationList = 93585CD31C86CD2B00106E13 /* Build configuration list for PBXNativeTarget "BetSquadTests" */;
			buildPhases = (
				93585CB81C86CD2B00106E13 /* Sources */,
				93585CB91C86CD2B00106E13 /* Frameworks */,
				93585CBA1C86CD2B00106E13 /* Resources */,
			);
			buildRules = (
			);
			dependencies = (
				93585CBE1C86CD2B00106E13 /* PBXTargetDependency */,
			);
			name = BetSquadTests;
			productName = BetTogetherTests;
			productReference = 93585CBC1C86CD2B00106E13 /* BetSquad.xctest */;
			productType = "com.apple.product-type.bundle.unit-test";
		};
		93585CC61C86CD2B00106E13 /* BetSquadUITests */ = {
			isa = PBXNativeTarget;
			buildConfigurationList = 93585CD61C86CD2B00106E13 /* Build configuration list for PBXNativeTarget "BetSquadUITests" */;
			buildPhases = (
				93585CC31C86CD2B00106E13 /* Sources */,
				93585CC41C86CD2B00106E13 /* Frameworks */,
				93585CC51C86CD2B00106E13 /* Resources */,
			);
			buildRules = (
			);
			dependencies = (
				93585CC91C86CD2B00106E13 /* PBXTargetDependency */,
			);
			name = BetSquadUITests;
			productName = BetTogetherUITests;
			productReference = 93585CC71C86CD2B00106E13 /* BetSquad.xctest */;
			productType = "com.apple.product-type.bundle.ui-testing";
		};
/* End PBXNativeTarget section */

/* Begin PBXProject section */
		93585CA01C86CD2B00106E13 /* Project object */ = {
			isa = PBXProject;
			attributes = {
				LastSwiftUpdateCheck = 0720;
				LastUpgradeCheck = 0720;
				ORGANIZATIONNAME = viggurt;
				TargetAttributes = {
					93585CA71C86CD2B00106E13 = {
						CreatedOnToolsVersion = 7.2;
						DevelopmentTeam = UC677ZFV39;
					};
					93585CBB1C86CD2B00106E13 = {
						CreatedOnToolsVersion = 7.2;
						DevelopmentTeam = UC677ZFV39;
						TestTargetID = 93585CA71C86CD2B00106E13;
					};
					93585CC61C86CD2B00106E13 = {
						CreatedOnToolsVersion = 7.2;
						DevelopmentTeam = UC677ZFV39;
						TestTargetID = 93585CA71C86CD2B00106E13;
					};
				};
			};
			buildConfigurationList = 93585CA31C86CD2B00106E13 /* Build configuration list for PBXProject "BetSquad" */;
			compatibilityVersion = "Xcode 3.2";
			developmentRegion = English;
			hasScannedForEncodings = 0;
			knownRegions = (
				en,
				Base,
			);
			mainGroup = 93585C9F1C86CD2B00106E13;
			productRefGroup = 93585CA91C86CD2B00106E13 /* Products */;
			projectDirPath = "";
			projectRoot = "";
			targets = (
				93585CA71C86CD2B00106E13 /* BetSquad */,
				93585CBB1C86CD2B00106E13 /* BetSquadTests */,
				93585CC61C86CD2B00106E13 /* BetSquadUITests */,
			);
		};
/* End PBXProject section */

/* Begin PBXResourcesBuildPhase section */
		93585CA61C86CD2B00106E13 /* Resources */ = {
			isa = PBXResourcesBuildPhase;
			buildActionMask = 2147483647;
			files = (
				93585CB61C86CD2B00106E13 /* LaunchScreen.storyboard in Resources */,
				93585CB31C86CD2B00106E13 /* Assets.xcassets in Resources */,
				93585CB11C86CD2B00106E13 /* Main.storyboard in Resources */,
			);
			runOnlyForDeploymentPostprocessing = 0;
		};
		93585CBA1C86CD2B00106E13 /* Resources */ = {
			isa = PBXResourcesBuildPhase;
			buildActionMask = 2147483647;
			files = (
			);
			runOnlyForDeploymentPostprocessing = 0;
		};
		93585CC51C86CD2B00106E13 /* Resources */ = {
			isa = PBXResourcesBuildPhase;
			buildActionMask = 2147483647;
			files = (
			);
			runOnlyForDeploymentPostprocessing = 0;
		};
/* End PBXResourcesBuildPhase section */

/* Begin PBXShellScriptBuildPhase section */
		35A55B2B0372B8136A66336A /* Check Pods Manifest.lock */ = {
			isa = PBXShellScriptBuildPhase;
			buildActionMask = 2147483647;
			files = (
			);
			inputPaths = (
			);
			name = "Check Pods Manifest.lock";
			outputPaths = (
			);
			runOnlyForDeploymentPostprocessing = 0;
			shellPath = /bin/sh;
			shellScript = "diff \"${PODS_ROOT}/../Podfile.lock\" \"${PODS_ROOT}/Manifest.lock\" > /dev/null\nif [[ $? != 0 ]] ; then\n    cat << EOM\nerror: The sandbox is not in sync with the Podfile.lock. Run 'pod install' or update your CocoaPods installation.\nEOM\n    exit 1\nfi\n";
			showEnvVarsInLog = 0;
		};
		5B8675F3D53A24F37DDB5360 /* Copy Pods Resources */ = {
			isa = PBXShellScriptBuildPhase;
			buildActionMask = 2147483647;
			files = (
			);
			inputPaths = (
			);
			name = "Copy Pods Resources";
			outputPaths = (
			);
			runOnlyForDeploymentPostprocessing = 0;
			shellPath = /bin/sh;
			shellScript = "\"${SRCROOT}/Pods/Target Support Files/Pods-BetTogether/Pods-BetTogether-resources.sh\"\n";
			showEnvVarsInLog = 0;
		};
		7F309D409801F0A3FF82D319 /* Embed Pods Frameworks */ = {
			isa = PBXShellScriptBuildPhase;
			buildActionMask = 2147483647;
			files = (
			);
			inputPaths = (
			);
			name = "Embed Pods Frameworks";
			outputPaths = (
			);
			runOnlyForDeploymentPostprocessing = 0;
			shellPath = /bin/sh;
			shellScript = "\"${SRCROOT}/Pods/Target Support Files/Pods-BetTogether/Pods-BetTogether-frameworks.sh\"\n";
			showEnvVarsInLog = 0;
		};
/* End PBXShellScriptBuildPhase section */

/* Begin PBXSourcesBuildPhase section */
		93585CA41C86CD2B00106E13 /* Sources */ = {
			isa = PBXSourcesBuildPhase;
			buildActionMask = 2147483647;
			files = (
				93946A391CC0EBF1005465F0 /* RegisterViewController.swift in Sources */,
				93153C841CD21EBA00A1527F /* SportCell.swift in Sources */,
				93C2D43F1C8EFB7F00127615 /* ShowController.swift in Sources */,
				93585CAE1C86CD2B00106E13 /* ViewController.swift in Sources */,
				93585CDE1C86D38800106E13 /* AddToViewController.swift in Sources */,
				93946A351CC0E35F005465F0 /* LogInViewController.swift in Sources */,
				93585CAC1C86CD2B00106E13 /* AppDelegate.swift in Sources */,
				93946A321CC0E07B005465F0 /* FirebaseService.swift in Sources */,
				93FF486F1CB68B3200CCDA32 /* PlacedBet.swift in Sources */,
				934083111CC8C92800A37401 /* CreateGroupViewController.swift in Sources */,
				93946A371CC0E9BC005465F0 /* LoggedInViewController.swift in Sources */,
				93153C7E1CCD817E00A1527F /* CustomCell.swift in Sources */,
				9340830F1CC8C28100A37401 /* CreateGroup.swift in Sources */,
			);
			runOnlyForDeploymentPostprocessing = 0;
		};
		93585CB81C86CD2B00106E13 /* Sources */ = {
			isa = PBXSourcesBuildPhase;
			buildActionMask = 2147483647;
			files = (
				93585CC11C86CD2B00106E13 /* BetTogetherTests.swift in Sources */,
			);
			runOnlyForDeploymentPostprocessing = 0;
		};
		93585CC31C86CD2B00106E13 /* Sources */ = {
			isa = PBXSourcesBuildPhase;
			buildActionMask = 2147483647;
			files = (
				93585CCC1C86CD2B00106E13 /* BetTogetherUITests.swift in Sources */,
			);
			runOnlyForDeploymentPostprocessing = 0;
		};
/* End PBXSourcesBuildPhase section */

/* Begin PBXTargetDependency section */
		93585CBE1C86CD2B00106E13 /* PBXTargetDependency */ = {
			isa = PBXTargetDependency;
			target = 93585CA71C86CD2B00106E13 /* BetSquad */;
			targetProxy = 93585CBD1C86CD2B00106E13 /* PBXContainerItemProxy */;
		};
		93585CC91C86CD2B00106E13 /* PBXTargetDependency */ = {
			isa = PBXTargetDependency;
			target = 93585CA71C86CD2B00106E13 /* BetSquad */;
			targetProxy = 93585CC81C86CD2B00106E13 /* PBXContainerItemProxy */;
		};
/* End PBXTargetDependency section */

/* Begin PBXVariantGroup section */
		93585CAF1C86CD2B00106E13 /* Main.storyboard */ = {
			isa = PBXVariantGroup;
			children = (
				93585CB01C86CD2B00106E13 /* Base */,
			);
			name = Main.storyboard;
			path = BetTogether;
			sourceTree = "<group>";
		};
		93585CB41C86CD2B00106E13 /* LaunchScreen.storyboard */ = {
			isa = PBXVariantGroup;
			children = (
				93585CB51C86CD2B00106E13 /* Base */,
			);
			name = LaunchScreen.storyboard;
			path = BetTogether;
			sourceTree = "<group>";
		};
/* End PBXVariantGroup section */

/* Begin XCBuildConfiguration section */
		93585CCE1C86CD2B00106E13 /* Debug */ = {
			isa = XCBuildConfiguration;
			buildSettings = {
				ALWAYS_SEARCH_USER_PATHS = NO;
				CLANG_CXX_LANGUAGE_STANDARD = "gnu++0x";
				CLANG_CXX_LIBRARY = "libc++";
				CLANG_ENABLE_MODULES = YES;
				CLANG_ENABLE_OBJC_ARC = YES;
				CLANG_WARN_BOOL_CONVERSION = YES;
				CLANG_WARN_CONSTANT_CONVERSION = YES;
				CLANG_WARN_DIRECT_OBJC_ISA_USAGE = YES_ERROR;
				CLANG_WARN_EMPTY_BODY = YES;
				CLANG_WARN_ENUM_CONVERSION = YES;
				CLANG_WARN_INT_CONVERSION = YES;
				CLANG_WARN_OBJC_ROOT_CLASS = YES_ERROR;
				CLANG_WARN_UNREACHABLE_CODE = YES;
				CLANG_WARN__DUPLICATE_METHOD_MATCH = YES;
				"CODE_SIGN_IDENTITY[sdk=iphoneos*]" = "iPhone Developer";
				COPY_PHASE_STRIP = NO;
				DEBUG_INFORMATION_FORMAT = dwarf;
				ENABLE_STRICT_OBJC_MSGSEND = YES;
				ENABLE_TESTABILITY = YES;
				GCC_C_LANGUAGE_STANDARD = gnu99;
				GCC_DYNAMIC_NO_PIC = NO;
				GCC_NO_COMMON_BLOCKS = YES;
				GCC_OPTIMIZATION_LEVEL = 0;
				GCC_PREPROCESSOR_DEFINITIONS = (
					"DEBUG=1",
					"$(inherited)",
				);
				GCC_WARN_64_TO_32_BIT_CONVERSION = YES;
				GCC_WARN_ABOUT_RETURN_TYPE = YES_ERROR;
				GCC_WARN_UNDECLARED_SELECTOR = YES;
				GCC_WARN_UNINITIALIZED_AUTOS = YES_AGGRESSIVE;
				GCC_WARN_UNUSED_FUNCTION = YES;
				GCC_WARN_UNUSED_VARIABLE = YES;
				IPHONEOS_DEPLOYMENT_TARGET = 9.2;
				MTL_ENABLE_DEBUG_INFO = YES;
				ONLY_ACTIVE_ARCH = YES;
				SDKROOT = iphoneos;
				SWIFT_OPTIMIZATION_LEVEL = "-Onone";
				TARGETED_DEVICE_FAMILY = "1,2";
			};
			name = Debug;
		};
		93585CCF1C86CD2B00106E13 /* Release */ = {
			isa = XCBuildConfiguration;
			buildSettings = {
				ALWAYS_SEARCH_USER_PATHS = NO;
				CLANG_CXX_LANGUAGE_STANDARD = "gnu++0x";
				CLANG_CXX_LIBRARY = "libc++";
				CLANG_ENABLE_MODULES = YES;
				CLANG_ENABLE_OBJC_ARC = YES;
				CLANG_WARN_BOOL_CONVERSION = YES;
				CLANG_WARN_CONSTANT_CONVERSION = YES;
				CLANG_WARN_DIRECT_OBJC_ISA_USAGE = YES_ERROR;
				CLANG_WARN_EMPTY_BODY = YES;
				CLANG_WARN_ENUM_CONVERSION = YES;
				CLANG_WARN_INT_CONVERSION = YES;
				CLANG_WARN_OBJC_ROOT_CLASS = YES_ERROR;
				CLANG_WARN_UNREACHABLE_CODE = YES;
				CLANG_WARN__DUPLICATE_METHOD_MATCH = YES;
				"CODE_SIGN_IDENTITY[sdk=iphoneos*]" = "iPhone Developer";
				COPY_PHASE_STRIP = NO;
				DEBUG_INFORMATION_FORMAT = "dwarf-with-dsym";
				ENABLE_NS_ASSERTIONS = NO;
				ENABLE_STRICT_OBJC_MSGSEND = YES;
				GCC_C_LANGUAGE_STANDARD = gnu99;
				GCC_NO_COMMON_BLOCKS = YES;
				GCC_WARN_64_TO_32_BIT_CONVERSION = YES;
				GCC_WARN_ABOUT_RETURN_TYPE = YES_ERROR;
				GCC_WARN_UNDECLARED_SELECTOR = YES;
				GCC_WARN_UNINITIALIZED_AUTOS = YES_AGGRESSIVE;
				GCC_WARN_UNUSED_FUNCTION = YES;
				GCC_WARN_UNUSED_VARIABLE = YES;
				IPHONEOS_DEPLOYMENT_TARGET = 9.2;
				MTL_ENABLE_DEBUG_INFO = NO;
				SDKROOT = iphoneos;
				TARGETED_DEVICE_FAMILY = "1,2";
				VALIDATE_PRODUCT = YES;
			};
			name = Release;
		};
		93585CD11C86CD2B00106E13 /* Debug */ = {
			isa = XCBuildConfiguration;
			baseConfigurationReference = BD3552B0D840FC05B15FE654 /* Pods-BetTogether.debug.xcconfig */;
			buildSettings = {
				ASSETCATALOG_COMPILER_APPICON_NAME = AppIcon;
				INFOPLIST_FILE = BetTogether/Info.plist;
				LD_RUNPATH_SEARCH_PATHS = "$(inherited) @executable_path/Frameworks";
				PRODUCT_BUNDLE_IDENTIFIER = se.viggurt.BetTogether;
				PRODUCT_NAME = BetSquad;
			};
			name = Debug;
		};
		93585CD21C86CD2B00106E13 /* Release */ = {
			isa = XCBuildConfiguration;
			baseConfigurationReference = E6E832AE8FF671C1892BF517 /* Pods-BetTogether.release.xcconfig */;
			buildSettings = {
				ASSETCATALOG_COMPILER_APPICON_NAME = AppIcon;
				INFOPLIST_FILE = BetTogether/Info.plist;
				LD_RUNPATH_SEARCH_PATHS = "$(inherited) @executable_path/Frameworks";
				PRODUCT_BUNDLE_IDENTIFIER = se.viggurt.BetTogether;
				PRODUCT_NAME = BetSquad;
			};
			name = Release;
		};
		93585CD41C86CD2B00106E13 /* Debug */ = {
			isa = XCBuildConfiguration;
			buildSettings = {
				BUNDLE_LOADER = "$(TEST_HOST)";
				INFOPLIST_FILE = BetTogetherTests/Info.plist;
				LD_RUNPATH_SEARCH_PATHS = "$(inherited) @executable_path/Frameworks @loader_path/Frameworks";
				PRODUCT_BUNDLE_IDENTIFIER = se.viggurt.BetTogetherTests;
				PRODUCT_NAME = BetSquad;
				TEST_HOST = "$(BUILT_PRODUCTS_DIR)/BetSquad.app/BetSquad";
			};
			name = Debug;
		};
		93585CD51C86CD2B00106E13 /* Release */ = {
			isa = XCBuildConfiguration;
			buildSettings = {
				BUNDLE_LOADER = "$(TEST_HOST)";
				INFOPLIST_FILE = BetTogetherTests/Info.plist;
				LD_RUNPATH_SEARCH_PATHS = "$(inherited) @executable_path/Frameworks @loader_path/Frameworks";
				PRODUCT_BUNDLE_IDENTIFIER = se.viggurt.BetTogetherTests;
				PRODUCT_NAME = BetSquad;
				TEST_HOST = "$(BUILT_PRODUCTS_DIR)/BetSquad.app/BetSquad";
			};
			name = Release;
		};
		93585CD71C86CD2B00106E13 /* Debug */ = {
			isa = XCBuildConfiguration;
			buildSettings = {
				INFOPLIST_FILE = BetTogetherUITests/Info.plist;
				LD_RUNPATH_SEARCH_PATHS = "$(inherited) @executable_path/Frameworks @loader_path/Frameworks";
				PRODUCT_BUNDLE_IDENTIFIER = se.viggurt.BetTogetherUITests;
				PRODUCT_NAME = BetSquad;
				TEST_TARGET_NAME = BetTogether;
				USES_XCTRUNNER = YES;
			};
			name = Debug;
		};
		93585CD81C86CD2B00106E13 /* Release */ = {
			isa = XCBuildConfiguration;
			buildSettings = {
				INFOPLIST_FILE = BetTogetherUITests/Info.plist;
				LD_RUNPATH_SEARCH_PATHS = "$(inherited) @executable_path/Frameworks @loader_path/Frameworks";
				PRODUCT_BUNDLE_IDENTIFIER = se.viggurt.BetTogetherUITests;
				PRODUCT_NAME = BetSquad;
				TEST_TARGET_NAME = BetTogether;
				USES_XCTRUNNER = YES;
			};
			name = Release;
		};
/* End XCBuildConfiguration section */

/* Begin XCConfigurationList section */
		93585CA31C86CD2B00106E13 /* Build configuration list for PBXProject "BetSquad" */ = {
			isa = XCConfigurationList;
			buildConfigurations = (
				93585CCE1C86CD2B00106E13 /* Debug */,
				93585CCF1C86CD2B00106E13 /* Release */,
			);
			defaultConfigurationIsVisible = 0;
			defaultConfigurationName = Release;
		};
		93585CD01C86CD2B00106E13 /* Build configuration list for PBXNativeTarget "BetSquad" */ = {
			isa = XCConfigurationList;
			buildConfigurations = (
				93585CD11C86CD2B00106E13 /* Debug */,
				93585CD21C86CD2B00106E13 /* Release */,
			);
			defaultConfigurationIsVisible = 0;
			defaultConfigurationName = Release;
		};
		93585CD31C86CD2B00106E13 /* Build configuration list for PBXNativeTarget "BetSquadTests" */ = {
			isa = XCConfigurationList;
			buildConfigurations = (
				93585CD41C86CD2B00106E13 /* Debug */,
				93585CD51C86CD2B00106E13 /* Release */,
			);
			defaultConfigurationIsVisible = 0;
			defaultConfigurationName = Release;
		};
		93585CD61C86CD2B00106E13 /* Build configuration list for PBXNativeTarget "BetSquadUITests" */ = {
			isa = XCConfigurationList;
			buildConfigurations = (
				93585CD71C86CD2B00106E13 /* Debug */,
				93585CD81C86CD2B00106E13 /* Release */,
			);
			defaultConfigurationIsVisible = 0;
			defaultConfigurationName = Release;
		};
/* End XCConfigurationList section */
	};
	rootObject = 93585CA01C86CD2B00106E13 /* Project object */;
}
